
Microsoft Visual Studio Solution File, Format Version 12.00
# Visual Studio Version 18
VisualStudioVersion = 18.9.12120.119 stable
MinimumVisualStudioVersion = 10.0.40219.1
Project("{2150E333-8FDC-42A3-9474-1A3956D46DE8}") = "01.Application", "01.Application", "{982980D6-F58F-4F46-BC02-40EA52EBA389}"
EndProject
Project("{2150E333-8FDC-42A3-9474-1A3956D46DE8}") = "03.Endpoints", "03.Endpoints", "{5ED32A58-503A-47AD-A84C-C3F010FA05F0}"
EndProject
Project("{9A19103F-16F7-4668-BE54-9A1E7A4F7556}") = "Application.Core", "Application.Core\Application.Core.csproj", "{115785A1-DFBE-4CDA-8116-212E3BA4E217}"
EndProject
Project("{9A19103F-16F7-4668-BE54-9A1E7A4F7556}") = "Application.Services", "Application.Services\Application.Services.csproj", "{2D3C8A33-8449-4ACC-A2C9-5A467F739E1C}"
EndProject
Project("{9A19103F-16F7-4668-BE54-9A1E7A4F7556}") = "Application.Api", "Application.Api\Application.Api.csproj", "{CF60AF82-30F6-4C60-A2E2-8DE023EF10C4}"
EndProject
Project("{9A19103F-16F7-4668-BE54-9A1E7A4F7556}") = "Application.Infrastructure", "Application.Repository\Application.Infrastructure.csproj", "{97BE9FCD-9170-4B46-BCBB-A7DE3793189B}"
EndProject
Project("{2150E333-8FDC-42A3-9474-1A3956D46DE8}") = "02.Infrastructure", "02.Infrastructure", "{C3A3CB7E-AE35-41B9-B6C7-0B4D34C4A3F4}"
EndProject
Global
	GlobalSection(SolutionConfigurationPlatforms) = preSolution
		Debug|Any CPU = Debug|Any CPU
		Release|Any CPU = Release|Any CPU
	EndGlobalSection
	GlobalSection(ProjectConfigurationPlatforms) = postSolution
		{115785A1-DFBE-4CDA-8116-212E3BA4E217}.Debug|Any CPU.ActiveCfg = Debug|Any CPU
		{115785A1-DFBE-4CDA-8116-212E3BA4E217}.Debug|Any CPU.Build.0 = Debug|Any CPU
		{115785A1-DFBE-4CDA-8116-212E3BA4E217}.Release|Any CPU.ActiveCfg = Release|Any CPU
		{115785A1-DFBE-4CDA-8116-212E3BA4E217}.Release|Any CPU.Build.0 = Release|Any CPU
		{2D3C8A33-8449-4ACC-A2C9-5A467F739E1C}.Debug|Any CPU.ActiveCfg = Debug|Any CPU
		{2D3C8A33-8449-4ACC-A2C9-5A467F739E1C}.Debug|Any CPU.Build.0 = Debug|Any CPU
		{2D3C8A33-8449-4ACC-A2C9-5A467F739E1C}.Release|Any CPU.ActiveCfg = Release|Any CPU
		{2D3C8A33-8449-4ACC-A2C9-5A467F739E1C}.Release|Any CPU.Build.0 = Release|Any CPU
		{CF60AF82-30F6-4C60-A2E2-8DE023EF10C4}.Debug|Any CPU.ActiveCfg = Debug|Any CPU
		{CF60AF82-30F6-4C60-A2E2-8DE023EF10C4}.Debug|Any CPU.Build.0 = Debug|Any CPU
		{CF60AF82-30F6-4C60-A2E2-8DE023EF10C4}.Release|Any CPU.ActiveCfg = Release|Any CPU
		{CF60AF82-30F6-4C60-A2E2-8DE023EF10C4}.Release|Any CPU.Build.0 = Release|Any CPU
		{97BE9FCD-9170-4B46-BCBB-A7DE3793189B}.Debug|Any CPU.ActiveCfg = Debug|Any CPU
		{97BE9FCD-9170-4B46-BCBB-A7DE3793189B}.Debug|Any CPU.Build.0 = Debug|Any CPU
		{97BE9FCD-9170-4B46-BCBB-A7DE3793189B}.Release|Any CPU.ActiveCfg = Release|Any CPU
		{97BE9FCD-9170-4B46-BCBB-A7DE3793189B}.Release|Any CPU.Build.0 = Release|Any CPU
	EndGlobalSection
	GlobalSection(SolutionProperties) = preSolution
		HideSolutionNode = FALSE
	EndGlobalSection
	GlobalSection(NestedProjects) = preSolution
		{115785A1-DFBE-4CDA-8116-212E3BA4E217} = {982980D6-F58F-4F46-BC02-40EA52EBA389}
		{2D3C8A33-8449-4ACC-A2C9-5A467F739E1C} = {982980D6-F58F-4F46-BC02-40EA52EBA389}
		{CF60AF82-30F6-4C60-A2E2-8DE023EF10C4} = {5ED32A58-503A-47AD-A84C-C3F010FA05F0}
		{97BE9FCD-9170-4B46-BCBB-A7DE3793189B} = {C3A3CB7E-AE35-41B9-B6C7-0B4D34C4A3F4}
	EndGlobalSection
	GlobalSection(ExtensibilityGlobals) = postSolution
		SolutionGuid = {65FED237-E6E9-4E7E-BF15-EE13313FE5AE}
	EndGlobalSection
EndGlobal
